// !$*UTF8*$!
{
	archiveVersion = 1;
	classes = {
	};
	objectVersion = 56;
	objects = {

/* Begin PBXBuildFile section */
		53FD23D02BDBE08500AB41E4 /* ContentView.swift in Sources */ = {isa = PBXBuildFile; fileRef = 53FD23CF2BDBE08500AB41E4 /* ContentView.swift */; };
		53FD23D22BDBE09000AB41E4 /* Assets.xcassets in Resources */ = {isa = PBXBuildFile; fileRef = 53FD23D12BDBE09000AB41E4 /* Assets.xcassets */; };
		53FD23D52BDBE09000AB41E4 /* Preview Assets.xcassets in Resources */ = {isa = PBXBuildFile; fileRef = 53FD23D42BDBE09000AB41E4 /* Preview Assets.xcassets */; };
		53FD23DC2BDBE0C700AB41E4 /* Workout.swift in Sources */ = {isa = PBXBuildFile; fileRef = 53FD23DB2BDBE0C600AB41E4 /* Workout.swift */; };
		53FD23E02BDBE2ED00AB41E4 /* AddWorkout.swift in Sources */ = {isa = PBXBuildFile; fileRef = 53FD23DF2BDBE2ED00AB41E4 /* AddWorkout.swift */; };
		53FD23E22BDCE42500AB41E4 /* WorkoutView.swift in Sources */ = {isa = PBXBuildFile; fileRef = 53FD23E12BDCE42500AB41E4 /* WorkoutView.swift */; };
		53FD23E42BDE74B700AB41E4 /* WorkoutsView.swift in Sources */ = {isa = PBXBuildFile; fileRef = 53FD23E32BDE74B700AB41E4 /* WorkoutsView.swift */; };
		53FD23E62BDE8CA100AB41E4 /* WorkoutTrackerApp.swift in Sources */ = {isa = PBXBuildFile; fileRef = 53FD23E52BDE8CA100AB41E4 /* WorkoutTrackerApp.swift */; };
		53FD23E82BE3C53800AB41E4 /* SettingsView.swift in Sources */ = {isa = PBXBuildFile; fileRef = 53FD23E72BE3C53800AB41E4 /* SettingsView.swift */; };
		E1199B502DF428E6007DD5D7 /* SyncToiCloud.swift in Sources */ = {isa = PBXBuildFile; fileRef = E1199B4F2DF428DD007DD5D7 /* SyncToiCloud.swift */; };
		E1429B262E1A474D002043D6 /* LapsedView.swift in Sources */ = {isa = PBXBuildFile; fileRef = E1429B252E1A4749002043D6 /* LapsedView.swift */; };
		E1429B282E1A4A8C002043D6 /* UpcomingView.swift in Sources */ = {isa = PBXBuildFile; fileRef = E1429B272E1A4A88002043D6 /* UpcomingView.swift */; };
		E1429B2A2E1A4AE5002043D6 /* CalendarTabView.swift in Sources */ = {isa = PBXBuildFile; fileRef = E1429B292E1A4AE2002043D6 /* CalendarTabView.swift */; };
		E16A785F2C3BF1620072143F /* ToolbarView.swift in Sources */ = {isa = PBXBuildFile; fileRef = E16A785E2C3BF1620072143F /* ToolbarView.swift */; };
		E16A78612C3C27BC0072143F /* LocationFile.swift in Sources */ = {isa = PBXBuildFile; fileRef = E16A78602C3C27BC0072143F /* LocationFile.swift */; };
		E176D78F2C48CF9500A665C7 /* EditWorkoutView.swift in Sources */ = {isa = PBXBuildFile; fileRef = E176D78E2C48CF9500A665C7 /* EditWorkoutView.swift */; };
		E176D7912C4A3E4B00A665C7 /* AppearanceSetting.swift in Sources */ = {isa = PBXBuildFile; fileRef = E176D7902C4A3E4B00A665C7 /* AppearanceSetting.swift */; };
		E176D7932C4A3F4600A665C7 /* WorkoutTypeSetting.swift in Sources */ = {isa = PBXBuildFile; fileRef = E176D7922C4A3F4600A665C7 /* WorkoutTypeSetting.swift */; };
		E176D7972C4BB3DC00A665C7 /* WorkoutTypeSettingPartOne.swift in Sources */ = {isa = PBXBuildFile; fileRef = E176D7962C4BB3DC00A665C7 /* WorkoutTypeSettingPartOne.swift */; };
		E176D7992C4BB5EA00A665C7 /* WorkoutTypeSettingPartTwo.swift in Sources */ = {isa = PBXBuildFile; fileRef = E176D7982C4BB5EA00A665C7 /* WorkoutTypeSettingPartTwo.swift */; };
		E17C3F862E18E2F400C9C2E5 /* WorkoutTemplateSetting.swift in Sources */ = {isa = PBXBuildFile; fileRef = E17C3F852E18E2F400C9C2E5 /* WorkoutTemplateSetting.swift */; };
		E17C3F882E1972AB00C9C2E5 /* CompletedView.swift in Sources */ = {isa = PBXBuildFile; fileRef = E17C3F872E1972A400C9C2E5 /* CompletedView.swift */; };
		E1817DB22C4E308600AB7CAB /* FavouritesSetting.swift in Sources */ = {isa = PBXBuildFile; fileRef = E1817DB12C4E308600AB7CAB /* FavouritesSetting.swift */; };
		E1817DB62C52433600AB7CAB /* SwipeDownToDismissModifier.swift in Sources */ = {isa = PBXBuildFile; fileRef = E1817DB52C52433600AB7CAB /* SwipeDownToDismissModifier.swift */; };
		E187A0202C3681F200D6AD12 /* BottomBarView.swift in Sources */ = {isa = PBXBuildFile; fileRef = E187A01F2C3681F200D6AD12 /* BottomBarView.swift */; };
		E1BBF0D72DD8565100424719 /* DayDetailView.swift in Sources */ = {isa = PBXBuildFile; fileRef = E1BBF0D62DD8565100424719 /* DayDetailView.swift */; };
		E1DAC1D42E1FB13F0035711D /* KeyboardResponder.swift in Sources */ = {isa = PBXBuildFile; fileRef = E1DAC1D32E1FB13A0035711D /* KeyboardResponder.swift */; };
		E1DAC1D62E2A52AB0035711D /* LinkToStrava.swift in Sources */ = {isa = PBXBuildFile; fileRef = E1DAC1D52E2A52A60035711D /* LinkToStrava.swift */; };
		E1DAC1DA2E2AA70F0035711D /* KeychainHelper.swift in Sources */ = {isa = PBXBuildFile; fileRef = E1DAC1D92E2AA70C0035711D /* KeychainHelper.swift */; };
		E1ED016E2E030E0000F842C6 /* PushNotifications.swift in Sources */ = {isa = PBXBuildFile; fileRef = E1ED016D2E030DFA00F842C6 /* PushNotifications.swift */; };
		E1ED01712E03116200F842C6 /* AppDelegate.swift in Sources */ = {isa = PBXBuildFile; fileRef = E1ED01702E03115E00F842C6 /* AppDelegate.swift */; };
		E1EFE0B12CFED689006BAB2D /* CalendarView.swift in Sources */ = {isa = PBXBuildFile; fileRef = E1EFE0B02CFED689006BAB2D /* CalendarView.swift */; };
		E1F222F32C579DCD00DB8CA9 /* SwipeActionsAndAlertsModifiers.swift in Sources */ = {isa = PBXBuildFile; fileRef = E1F222F22C579DCD00DB8CA9 /* SwipeActionsAndAlertsModifiers.swift */; };
		E1F222F52C57D73100DB8CA9 /* WorkoutsViewHStack.swift in Sources */ = {isa = PBXBuildFile; fileRef = E1F222F42C57D73100DB8CA9 /* WorkoutsViewHStack.swift */; };
/* End PBXBuildFile section */

/* Begin PBXFileReference section */
		53FD23CA2BDBE08500AB41E4 /* Worked.app */ = {isa = PBXFileReference; explicitFileType = wrapper.application; includeInIndex = 0; path = Worked.app; sourceTree = BUILT_PRODUCTS_DIR; };
		53FD23CF2BDBE08500AB41E4 /* ContentView.swift */ = {isa = PBXFileReference; lastKnownFileType = sourcecode.swift; path = ContentView.swift; sourceTree = "<group>"; };
		53FD23D12BDBE09000AB41E4 /* Assets.xcassets */ = {isa = PBXFileReference; lastKnownFileType = folder.assetcatalog; path = Assets.xcassets; sourceTree = "<group>"; };
		53FD23D42BDBE09000AB41E4 /* Preview Assets.xcassets */ = {isa = PBXFileReference; lastKnownFileType = folder.assetcatalog; path = "Preview Assets.xcassets"; sourceTree = "<group>"; };
		53FD23DB2BDBE0C600AB41E4 /* Workout.swift */ = {isa = PBXFileReference; lastKnownFileType = sourcecode.swift; path = Workout.swift; sourceTree = "<group>"; };
		53FD23DF2BDBE2ED00AB41E4 /* AddWorkout.swift */ = {isa = PBXFileReference; lastKnownFileType = sourcecode.swift; path = AddWorkout.swift; sourceTree = "<group>"; };
		53FD23E12BDCE42500AB41E4 /* WorkoutView.swift */ = {isa = PBXFileReference; lastKnownFileType = sourcecode.swift; path = WorkoutView.swift; sourceTree = "<group>"; };
		53FD23E32BDE74B700AB41E4 /* WorkoutsView.swift */ = {isa = PBXFileReference; lastKnownFileType = sourcecode.swift; path = WorkoutsView.swift; sourceTree = "<group>"; };
		53FD23E52BDE8CA100AB41E4 /* WorkoutTrackerApp.swift */ = {isa = PBXFileReference; lastKnownFileType = sourcecode.swift; path = WorkoutTrackerApp.swift; sourceTree = "<group>"; };
		53FD23E72BE3C53800AB41E4 /* SettingsView.swift */ = {isa = PBXFileReference; lastKnownFileType = sourcecode.swift; path = SettingsView.swift; sourceTree = "<group>"; };
		E1199B4E2DEF5C7C007DD5D7 /* WorkoutTracker.entitlements */ = {isa = PBXFileReference; lastKnownFileType = text.plist.entitlements; path = WorkoutTracker.entitlements; sourceTree = "<group>"; };
		E1199B4F2DF428DD007DD5D7 /* SyncToiCloud.swift */ = {isa = PBXFileReference; lastKnownFileType = sourcecode.swift; path = SyncToiCloud.swift; sourceTree = "<group>"; };
		E1429B252E1A4749002043D6 /* LapsedView.swift */ = {isa = PBXFileReference; lastKnownFileType = sourcecode.swift; path = LapsedView.swift; sourceTree = "<group>"; };
		E1429B272E1A4A88002043D6 /* UpcomingView.swift */ = {isa = PBXFileReference; lastKnownFileType = sourcecode.swift; path = UpcomingView.swift; sourceTree = "<group>"; };
		E1429B292E1A4AE2002043D6 /* CalendarTabView.swift */ = {isa = PBXFileReference; lastKnownFileType = sourcecode.swift; path = CalendarTabView.swift; sourceTree = "<group>"; };
		E16A785E2C3BF1620072143F /* ToolbarView.swift */ = {isa = PBXFileReference; lastKnownFileType = sourcecode.swift; path = ToolbarView.swift; sourceTree = "<group>"; };
		E16A78602C3C27BC0072143F /* LocationFile.swift */ = {isa = PBXFileReference; lastKnownFileType = sourcecode.swift; path = LocationFile.swift; sourceTree = "<group>"; };
		E16D637F2C3D15BA0001E34B /* Info.plist */ = {isa = PBXFileReference; lastKnownFileType = text.plist; path = Info.plist; sourceTree = "<group>"; };
		E176D78E2C48CF9500A665C7 /* EditWorkoutView.swift */ = {isa = PBXFileReference; lastKnownFileType = sourcecode.swift; path = EditWorkoutView.swift; sourceTree = "<group>"; };
		E176D7902C4A3E4B00A665C7 /* AppearanceSetting.swift */ = {isa = PBXFileReference; lastKnownFileType = sourcecode.swift; path = AppearanceSetting.swift; sourceTree = "<group>"; };
		E176D7922C4A3F4600A665C7 /* WorkoutTypeSetting.swift */ = {isa = PBXFileReference; lastKnownFileType = sourcecode.swift; path = WorkoutTypeSetting.swift; sourceTree = "<group>"; };
		E176D7962C4BB3DC00A665C7 /* WorkoutTypeSettingPartOne.swift */ = {isa = PBXFileReference; lastKnownFileType = sourcecode.swift; path = WorkoutTypeSettingPartOne.swift; sourceTree = "<group>"; };
		E176D7982C4BB5EA00A665C7 /* WorkoutTypeSettingPartTwo.swift */ = {isa = PBXFileReference; lastKnownFileType = sourcecode.swift; path = WorkoutTypeSettingPartTwo.swift; sourceTree = "<group>"; };
		E17C3F852E18E2F400C9C2E5 /* WorkoutTemplateSetting.swift */ = {isa = PBXFileReference; lastKnownFileType = sourcecode.swift; path = WorkoutTemplateSetting.swift; sourceTree = "<group>"; };
		E17C3F872E1972A400C9C2E5 /* CompletedView.swift */ = {isa = PBXFileReference; lastKnownFileType = sourcecode.swift; path = CompletedView.swift; sourceTree = "<group>"; };
		E1817DB12C4E308600AB7CAB /* FavouritesSetting.swift */ = {isa = PBXFileReference; lastKnownFileType = sourcecode.swift; path = FavouritesSetting.swift; sourceTree = "<group>"; };
		E1817DB52C52433600AB7CAB /* SwipeDownToDismissModifier.swift */ = {isa = PBXFileReference; lastKnownFileType = sourcecode.swift; path = SwipeDownToDismissModifier.swift; sourceTree = "<group>"; };
		E187A01F2C3681F200D6AD12 /* BottomBarView.swift */ = {isa = PBXFileReference; lastKnownFileType = sourcecode.swift; path = BottomBarView.swift; sourceTree = "<group>"; };
		E1BBF0D62DD8565100424719 /* DayDetailView.swift */ = {isa = PBXFileReference; lastKnownFileType = sourcecode.swift; path = DayDetailView.swift; sourceTree = "<group>"; };
		E1DAC1D32E1FB13A0035711D /* KeyboardResponder.swift */ = {isa = PBXFileReference; lastKnownFileType = sourcecode.swift; path = KeyboardResponder.swift; sourceTree = "<group>"; };
		E1DAC1D52E2A52A60035711D /* LinkToStrava.swift */ = {isa = PBXFileReference; lastKnownFileType = sourcecode.swift; path = LinkToStrava.swift; sourceTree = "<group>"; };
		E1DAC1D92E2AA70C0035711D /* KeychainHelper.swift */ = {isa = PBXFileReference; lastKnownFileType = sourcecode.swift; path = KeychainHelper.swift; sourceTree = "<group>"; };
		E1ED016D2E030DFA00F842C6 /* PushNotifications.swift */ = {isa = PBXFileReference; lastKnownFileType = sourcecode.swift; path = PushNotifications.swift; sourceTree = "<group>"; };
		E1ED01702E03115E00F842C6 /* AppDelegate.swift */ = {isa = PBXFileReference; lastKnownFileType = sourcecode.swift; path = AppDelegate.swift; sourceTree = "<group>"; };
		E1EFE0B02CFED689006BAB2D /* CalendarView.swift */ = {isa = PBXFileReference; lastKnownFileType = sourcecode.swift; path = CalendarView.swift; sourceTree = "<group>"; };
		E1F222F22C579DCD00DB8CA9 /* SwipeActionsAndAlertsModifiers.swift */ = {isa = PBXFileReference; lastKnownFileType = sourcecode.swift; path = SwipeActionsAndAlertsModifiers.swift; sourceTree = "<group>"; };
		E1F222F42C57D73100DB8CA9 /* WorkoutsViewHStack.swift */ = {isa = PBXFileReference; lastKnownFileType = sourcecode.swift; path = WorkoutsViewHStack.swift; sourceTree = "<group>"; };
/* End PBXFileReference section */

/* Begin PBXFrameworksBuildPhase section */
		53FD23C72BDBE08500AB41E4 /* Frameworks */ = {
			isa = PBXFrameworksBuildPhase;
			buildActionMask = 2147483647;
			files = (
			);
			runOnlyForDeploymentPostprocessing = 0;
		};
/* End PBXFrameworksBuildPhase section */

/* Begin PBXGroup section */
		53FD23C12BDBE08500AB41E4 = {
			isa = PBXGroup;
			children = (
				53FD23CC2BDBE08500AB41E4 /* WorkoutTracker */,
				53FD23CB2BDBE08500AB41E4 /* Products */,
			);
			sourceTree = "<group>";
		};
		53FD23CB2BDBE08500AB41E4 /* Products */ = {
			isa = PBXGroup;
			children = (
				53FD23CA2BDBE08500AB41E4 /* Worked.app */,
			);
			name = Products;
			sourceTree = "<group>";
		};
		53FD23CC2BDBE08500AB41E4 /* WorkoutTracker */ = {
			isa = PBXGroup;
			children = (
				E1199B4E2DEF5C7C007DD5D7 /* WorkoutTracker.entitlements */,
				E16D637F2C3D15BA0001E34B /* Info.plist */,
				E1817DB52C52433600AB7CAB /* SwipeDownToDismissModifier.swift */,
				E1DAC1D32E1FB13A0035711D /* KeyboardResponder.swift */,
				E1ED01702E03115E00F842C6 /* AppDelegate.swift */,
				E1F222F22C579DCD00DB8CA9 /* SwipeActionsAndAlertsModifiers.swift */,
				53FD23E52BDE8CA100AB41E4 /* WorkoutTrackerApp.swift */,
				E1429B252E1A4749002043D6 /* LapsedView.swift */,
				E1429B272E1A4A88002043D6 /* UpcomingView.swift */,
				E1429B292E1A4AE2002043D6 /* CalendarTabView.swift */,
				E1199B4F2DF428DD007DD5D7 /* SyncToiCloud.swift */,
				E1ED016D2E030DFA00F842C6 /* PushNotifications.swift */,
				53FD23CF2BDBE08500AB41E4 /* ContentView.swift */,
				E17C3F872E1972A400C9C2E5 /* CompletedView.swift */,
				E1DAC1D52E2A52A60035711D /* LinkToStrava.swift */,
				E1EFE0B02CFED689006BAB2D /* CalendarView.swift */,
				E1BBF0D62DD8565100424719 /* DayDetailView.swift */,
				E1DAC1D92E2AA70C0035711D /* KeychainHelper.swift */,
				53FD23E32BDE74B700AB41E4 /* WorkoutsView.swift */,
				E1F222F42C57D73100DB8CA9 /* WorkoutsViewHStack.swift */,
				E176D78E2C48CF9500A665C7 /* EditWorkoutView.swift */,
				53FD23DF2BDBE2ED00AB41E4 /* AddWorkout.swift */,
				E16A785E2C3BF1620072143F /* ToolbarView.swift */,
				E16A78602C3C27BC0072143F /* LocationFile.swift */,
				53FD23E12BDCE42500AB41E4 /* WorkoutView.swift */,
				53FD23DB2BDBE0C600AB41E4 /* Workout.swift */,
				E187A01F2C3681F200D6AD12 /* BottomBarView.swift */,
				53FD23E72BE3C53800AB41E4 /* SettingsView.swift */,
				E176D7902C4A3E4B00A665C7 /* AppearanceSetting.swift */,
				E176D7922C4A3F4600A665C7 /* WorkoutTypeSetting.swift */,
				E176D7962C4BB3DC00A665C7 /* WorkoutTypeSettingPartOne.swift */,
				E176D7982C4BB5EA00A665C7 /* WorkoutTypeSettingPartTwo.swift */,
				E17C3F852E18E2F400C9C2E5 /* WorkoutTemplateSetting.swift */,
				E1817DB12C4E308600AB7CAB /* FavouritesSetting.swift */,
				53FD23D12BDBE09000AB41E4 /* Assets.xcassets */,
				53FD23D32BDBE09000AB41E4 /* Preview Content */,
			);
			path = WorkoutTracker;
			sourceTree = "<group>";
		};
		53FD23D32BDBE09000AB41E4 /* Preview Content */ = {
			isa = PBXGroup;
			children = (
				53FD23D42BDBE09000AB41E4 /* Preview Assets.xcassets */,
			);
			path = "Preview Content";
			sourceTree = "<group>";
		};
/* End PBXGroup section */

/* Begin PBXNativeTarget section */
		53FD23C92BDBE08500AB41E4 /* Worked */ = {
			isa = PBXNativeTarget;
			buildConfigurationList = 53FD23D82BDBE09000AB41E4 /* Build configuration list for PBXNativeTarget "Worked" */;
			buildPhases = (
				53FD23C62BDBE08500AB41E4 /* Sources */,
				53FD23C72BDBE08500AB41E4 /* Frameworks */,
				53FD23C82BDBE08500AB41E4 /* Resources */,
			);
			buildRules = (
			);
			dependencies = (
			);
			name = Worked;
			productName = WorkoutTracker;
			productReference = 53FD23CA2BDBE08500AB41E4 /* Worked.app */;
			productType = "com.apple.product-type.application";
		};
/* End PBXNativeTarget section */

/* Begin PBXProject section */
		53FD23C22BDBE08500AB41E4 /* Project object */ = {
			isa = PBXProject;
			attributes = {
				BuildIndependentTargetsInParallel = 1;
				LastSwiftUpdateCheck = 1520;
				LastUpgradeCheck = 1630;
				TargetAttributes = {
					53FD23C92BDBE08500AB41E4 = {
						CreatedOnToolsVersion = 15.2;
					};
				};
			};
			buildConfigurationList = 53FD23C52BDBE08500AB41E4 /* Build configuration list for PBXProject "WorkoutTracker" */;
			compatibilityVersion = "Xcode 14.0";
			developmentRegion = en;
			hasScannedForEncodings = 0;
			knownRegions = (
				en,
				Base,
			);
			mainGroup = 53FD23C12BDBE08500AB41E4;
			productRefGroup = 53FD23CB2BDBE08500AB41E4 /* Products */;
			projectDirPath = "";
			projectRoot = "";
			targets = (
				53FD23C92BDBE08500AB41E4 /* Worked */,
			);
		};
/* End PBXProject section */

/* Begin PBXResourcesBuildPhase section */
		53FD23C82BDBE08500AB41E4 /* Resources */ = {
			isa = PBXResourcesBuildPhase;
			buildActionMask = 2147483647;
			files = (
				53FD23D52BDBE09000AB41E4 /* Preview Assets.xcassets in Resources */,
				53FD23D22BDBE09000AB41E4 /* Assets.xcassets in Resources */,
			);
			runOnlyForDeploymentPostprocessing = 0;
		};
/* End PBXResourcesBuildPhase section */

/* Begin PBXSourcesBuildPhase section */
		53FD23C62BDBE08500AB41E4 /* Sources */ = {
			isa = PBXSourcesBuildPhase;
			buildActionMask = 2147483647;
			files = (
				53FD23E82BE3C53800AB41E4 /* SettingsView.swift in Sources */,
				53FD23E62BDE8CA100AB41E4 /* WorkoutTrackerApp.swift in Sources */,
				E1429B282E1A4A8C002043D6 /* UpcomingView.swift in Sources */,
				E1429B262E1A474D002043D6 /* LapsedView.swift in Sources */,
				E17C3F882E1972AB00C9C2E5 /* CompletedView.swift in Sources */,
				E1EFE0B12CFED689006BAB2D /* CalendarView.swift in Sources */,
				E176D7992C4BB5EA00A665C7 /* WorkoutTypeSettingPartTwo.swift in Sources */,
				E1F222F52C57D73100DB8CA9 /* WorkoutsViewHStack.swift in Sources */,
				E1F222F32C579DCD00DB8CA9 /* SwipeActionsAndAlertsModifiers.swift in Sources */,
				E176D7932C4A3F4600A665C7 /* WorkoutTypeSetting.swift in Sources */,
				E16A785F2C3BF1620072143F /* ToolbarView.swift in Sources */,
				E1817DB22C4E308600AB7CAB /* FavouritesSetting.swift in Sources */,
				E17C3F862E18E2F400C9C2E5 /* WorkoutTemplateSetting.swift in Sources */,
				53FD23D02BDBE08500AB41E4 /* ContentView.swift in Sources */,
				E176D7912C4A3E4B00A665C7 /* AppearanceSetting.swift in Sources */,
				E187A0202C3681F200D6AD12 /* BottomBarView.swift in Sources */,
				53FD23E42BDE74B700AB41E4 /* WorkoutsView.swift in Sources */,
				E16A78612C3C27BC0072143F /* LocationFile.swift in Sources */,
				E1817DB62C52433600AB7CAB /* SwipeDownToDismissModifier.swift in Sources */,
				E1ED016E2E030E0000F842C6 /* PushNotifications.swift in Sources */,
				E1DAC1D62E2A52AB0035711D /* LinkToStrava.swift in Sources */,
				E1BBF0D72DD8565100424719 /* DayDetailView.swift in Sources */,
				E176D78F2C48CF9500A665C7 /* EditWorkoutView.swift in Sources */,
				E1ED01712E03116200F842C6 /* AppDelegate.swift in Sources */,
				53FD23DC2BDBE0C700AB41E4 /* Workout.swift in Sources */,
				E1199B502DF428E6007DD5D7 /* SyncToiCloud.swift in Sources */,
				53FD23E02BDBE2ED00AB41E4 /* AddWorkout.swift in Sources */,
				E1DAC1DA2E2AA70F0035711D /* KeychainHelper.swift in Sources */,
				E1429B2A2E1A4AE5002043D6 /* CalendarTabView.swift in Sources */,
				E1DAC1D42E1FB13F0035711D /* KeyboardResponder.swift in Sources */,
				E176D7972C4BB3DC00A665C7 /* WorkoutTypeSettingPartOne.swift in Sources */,
				53FD23E22BDCE42500AB41E4 /* WorkoutView.swift in Sources */,
			);
			runOnlyForDeploymentPostprocessing = 0;
		};
/* End PBXSourcesBuildPhase section */

/* Begin XCBuildConfiguration section */
		53FD23D62BDBE09000AB41E4 /* Debug */ = {
			isa = XCBuildConfiguration;
			buildSettings = {
				ALWAYS_SEARCH_USER_PATHS = NO;
				ASSETCATALOG_COMPILER_GENERATE_SWIFT_ASSET_SYMBOL_EXTENSIONS = YES;
				CLANG_ANALYZER_NONNULL = YES;
				CLANG_ANALYZER_NUMBER_OBJECT_CONVERSION = YES_AGGRESSIVE;
				CLANG_CXX_LANGUAGE_STANDARD = "gnu++20";
				CLANG_ENABLE_MODULES = YES;
				CLANG_ENABLE_OBJC_ARC = YES;
				CLANG_ENABLE_OBJC_WEAK = YES;
				CLANG_WARN_BLOCK_CAPTURE_AUTORELEASING = YES;
				CLANG_WARN_BOOL_CONVERSION = YES;
				CLANG_WARN_COMMA = YES;
				CLANG_WARN_CONSTANT_CONVERSION = YES;
				CLANG_WARN_DEPRECATED_OBJC_IMPLEMENTATIONS = YES;
				CLANG_WARN_DIRECT_OBJC_ISA_USAGE = YES_ERROR;
				CLANG_WARN_DOCUMENTATION_COMMENTS = YES;
				CLANG_WARN_EMPTY_BODY = YES;
				CLANG_WARN_ENUM_CONVERSION = YES;
				CLANG_WARN_INFINITE_RECURSION = YES;
				CLANG_WARN_INT_CONVERSION = YES;
				CLANG_WARN_NON_LITERAL_NULL_CONVERSION = YES;
				CLANG_WARN_OBJC_IMPLICIT_RETAIN_SELF = YES;
				CLANG_WARN_OBJC_LITERAL_CONVERSION = YES;
				CLANG_WARN_OBJC_ROOT_CLASS = YES_ERROR;
				CLANG_WARN_QUOTED_INCLUDE_IN_FRAMEWORK_HEADER = YES;
				CLANG_WARN_RANGE_LOOP_ANALYSIS = YES;
				CLANG_WARN_STRICT_PROTOTYPES = YES;
				CLANG_WARN_SUSPICIOUS_MOVE = YES;
				CLANG_WARN_UNGUARDED_AVAILABILITY = YES_AGGRESSIVE;
				CLANG_WARN_UNREACHABLE_CODE = YES;
				CLANG_WARN__DUPLICATE_METHOD_MATCH = YES;
				COPY_PHASE_STRIP = NO;
				DEBUG_INFORMATION_FORMAT = dwarf;
				DEVELOPMENT_TEAM = QSVGLU94WM;
				ENABLE_STRICT_OBJC_MSGSEND = YES;
				ENABLE_TESTABILITY = YES;
				ENABLE_USER_SCRIPT_SANDBOXING = YES;
				GCC_C_LANGUAGE_STANDARD = gnu17;
				GCC_DYNAMIC_NO_PIC = NO;
				GCC_NO_COMMON_BLOCKS = YES;
				GCC_OPTIMIZATION_LEVEL = 0;
				GCC_PREPROCESSOR_DEFINITIONS = (
					"DEBUG=1",
					"$(inherited)",
				);
				GCC_WARN_64_TO_32_BIT_CONVERSION = YES;
				GCC_WARN_ABOUT_RETURN_TYPE = YES_ERROR;
				GCC_WARN_UNDECLARED_SELECTOR = YES;
				GCC_WARN_UNINITIALIZED_AUTOS = YES_AGGRESSIVE;
				GCC_WARN_UNUSED_FUNCTION = YES;
				GCC_WARN_UNUSED_VARIABLE = YES;
				IPHONEOS_DEPLOYMENT_TARGET = 17.2;
				LOCALIZATION_PREFERS_STRING_CATALOGS = YES;
				MTL_ENABLE_DEBUG_INFO = INCLUDE_SOURCE;
				MTL_FAST_MATH = YES;
				ONLY_ACTIVE_ARCH = YES;
				SDKROOT = iphoneos;
				SWIFT_ACTIVE_COMPILATION_CONDITIONS = "DEBUG $(inherited)";
				SWIFT_OPTIMIZATION_LEVEL = "-Onone";
			};
			name = Debug;
		};
		53FD23D72BDBE09000AB41E4 /* Release */ = {
			isa = XCBuildConfiguration;
			buildSettings = {
				ALWAYS_SEARCH_USER_PATHS = NO;
				ASSETCATALOG_COMPILER_GENERATE_SWIFT_ASSET_SYMBOL_EXTENSIONS = YES;
				CLANG_ANALYZER_NONNULL = YES;
				CLANG_ANALYZER_NUMBER_OBJECT_CONVERSION = YES_AGGRESSIVE;
				CLANG_CXX_LANGUAGE_STANDARD = "gnu++20";
				CLANG_ENABLE_MODULES = YES;
				CLANG_ENABLE_OBJC_ARC = YES;
				CLANG_ENABLE_OBJC_WEAK = YES;
				CLANG_WARN_BLOCK_CAPTURE_AUTORELEASING = YES;
				CLANG_WARN_BOOL_CONVERSION = YES;
				CLANG_WARN_COMMA = YES;
				CLANG_WARN_CONSTANT_CONVERSION = YES;
				CLANG_WARN_DEPRECATED_OBJC_IMPLEMENTATIONS = YES;
				CLANG_WARN_DIRECT_OBJC_ISA_USAGE = YES_ERROR;
				CLANG_WARN_DOCUMENTATION_COMMENTS = YES;
				CLANG_WARN_EMPTY_BODY = YES;
				CLANG_WARN_ENUM_CONVERSION = YES;
				CLANG_WARN_INFINITE_RECURSION = YES;
				CLANG_WARN_INT_CONVERSION = YES;
				CLANG_WARN_NON_LITERAL_NULL_CONVERSION = YES;
				CLANG_WARN_OBJC_IMPLICIT_RETAIN_SELF = YES;
				CLANG_WARN_OBJC_LITERAL_CONVERSION = YES;
				CLANG_WARN_OBJC_ROOT_CLASS = YES_ERROR;
				CLANG_WARN_QUOTED_INCLUDE_IN_FRAMEWORK_HEADER = YES;
				CLANG_WARN_RANGE_LOOP_ANALYSIS = YES;
				CLANG_WARN_STRICT_PROTOTYPES = YES;
				CLANG_WARN_SUSPICIOUS_MOVE = YES;
				CLANG_WARN_UNGUARDED_AVAILABILITY = YES_AGGRESSIVE;
				CLANG_WARN_UNREACHABLE_CODE = YES;
				CLANG_WARN__DUPLICATE_METHOD_MATCH = YES;
				COPY_PHASE_STRIP = NO;
				DEBUG_INFORMATION_FORMAT = "dwarf-with-dsym";
				DEVELOPMENT_TEAM = QSVGLU94WM;
				ENABLE_NS_ASSERTIONS = NO;
				ENABLE_STRICT_OBJC_MSGSEND = YES;
				ENABLE_USER_SCRIPT_SANDBOXING = YES;
				GCC_C_LANGUAGE_STANDARD = gnu17;
				GCC_NO_COMMON_BLOCKS = YES;
				GCC_WARN_64_TO_32_BIT_CONVERSION = YES;
				GCC_WARN_ABOUT_RETURN_TYPE = YES_ERROR;
				GCC_WARN_UNDECLARED_SELECTOR = YES;
				GCC_WARN_UNINITIALIZED_AUTOS = YES_AGGRESSIVE;
				GCC_WARN_UNUSED_FUNCTION = YES;
				GCC_WARN_UNUSED_VARIABLE = YES;
				IPHONEOS_DEPLOYMENT_TARGET = 17.2;
				LOCALIZATION_PREFERS_STRING_CATALOGS = YES;
				MTL_ENABLE_DEBUG_INFO = NO;
				MTL_FAST_MATH = YES;
				SDKROOT = iphoneos;
				SWIFT_COMPILATION_MODE = wholemodule;
				VALIDATE_PRODUCT = YES;
			};
			name = Release;
		};
		53FD23D92BDBE09000AB41E4 /* Debug */ = {
			isa = XCBuildConfiguration;
			buildSettings = {
				ASSETCATALOG_COMPILER_APPICON_NAME = AppIcon;
				ASSETCATALOG_COMPILER_GLOBAL_ACCENT_COLOR_NAME = AccentColor;
				CODE_SIGN_ENTITLEMENTS = WorkoutTracker/WorkoutTracker.entitlements;
				CODE_SIGN_STYLE = Automatic;
				CURRENT_PROJECT_VERSION = 1;
				DEVELOPMENT_ASSET_PATHS = "\"WorkoutTracker/Preview Content\"";
				DEVELOPMENT_TEAM = QSVGLU94WM;
				ENABLE_PREVIEWS = YES;
				GENERATE_INFOPLIST_FILE = YES;
				INFOPLIST_FILE = WorkoutTracker/Info.plist;
				INFOPLIST_KEY_LSApplicationCategoryType = "public.app-category.healthcare-fitness";
				INFOPLIST_KEY_LSSupportsOpeningDocumentsInPlace = YES;
				INFOPLIST_KEY_NSLocationAlwaysAndWhenInUseUsageDescription = "The app needs access to your location to provide location-based services.";
				INFOPLIST_KEY_NSLocationWhenInUseUsageDescription = "Your location is used to position the map pin";
				INFOPLIST_KEY_UIApplicationSceneManifest_Generation = YES;
				INFOPLIST_KEY_UIApplicationSupportsIndirectInputEvents = YES;
				INFOPLIST_KEY_UILaunchScreen_Generation = YES;
				INFOPLIST_KEY_UISupportedInterfaceOrientations = UIInterfaceOrientationPortrait;
				INFOPLIST_KEY_UISupportedInterfaceOrientations_iPad = "UIInterfaceOrientationLandscapeLeft UIInterfaceOrientationLandscapeRight UIInterfaceOrientationPortrait UIInterfaceOrientationPortraitUpsideDown";
				INFOPLIST_KEY_UISupportsDocumentBrowser = YES;
				IPHONEOS_DEPLOYMENT_TARGET = 17.0;
				LD_RUNPATH_SEARCH_PATHS = (
					"$(inherited)",
					"@executable_path/Frameworks",
				);
				MARKETING_VERSION = 2.1;
				PRODUCT_BUNDLE_IDENTIFIER = com.gabrieltang.Worked;
				PRODUCT_NAME = Worked;
				SUPPORTED_PLATFORMS = "iphoneos iphonesimulator";
				SUPPORTS_MACCATALYST = NO;
				SUPPORTS_MAC_DESIGNED_FOR_IPHONE_IPAD = NO;
				SUPPORTS_XR_DESIGNED_FOR_IPHONE_IPAD = NO;
				SWIFT_EMIT_LOC_STRINGS = YES;
				SWIFT_VERSION = 5.0;
				TARGETED_DEVICE_FAMILY = 1;
			};
			name = Debug;
		};
		53FD23DA2BDBE09000AB41E4 /* Release */ = {
			isa = XCBuildConfiguration;
			buildSettings = {
				ASSETCATALOG_COMPILER_APPICON_NAME = AppIcon;
				ASSETCATALOG_COMPILER_GLOBAL_ACCENT_COLOR_NAME = AccentColor;
				CODE_SIGN_ENTITLEMENTS = WorkoutTracker/WorkoutTracker.entitlements;
				CODE_SIGN_STYLE = Automatic;
				CURRENT_PROJECT_VERSION = 1;
				DEVELOPMENT_ASSET_PATHS = "\"WorkoutTracker/Preview Content\"";
				DEVELOPMENT_TEAM = QSVGLU94WM;
				ENABLE_PREVIEWS = YES;
				GENERATE_INFOPLIST_FILE = YES;
				INFOPLIST_FILE = WorkoutTracker/Info.plist;
				INFOPLIST_KEY_LSApplicationCategoryType = "public.app-category.healthcare-fitness";
				INFOPLIST_KEY_LSSupportsOpeningDocumentsInPlace = YES;
				INFOPLIST_KEY_NSLocationAlwaysAndWhenInUseUsageDescription = "The app needs access to your location to provide location-based services.";
				INFOPLIST_KEY_NSLocationWhenInUseUsageDescription = "Your location is used to position the map pin";
				INFOPLIST_KEY_UIApplicationSceneManifest_Generation = YES;
				INFOPLIST_KEY_UIApplicationSupportsIndirectInputEvents = YES;
				INFOPLIST_KEY_UILaunchScreen_Generation = YES;
				INFOPLIST_KEY_UISupportedInterfaceOrientations = UIInterfaceOrientationPortrait;
				INFOPLIST_KEY_UISupportedInterfaceOrientations_iPad = "UIInterfaceOrientationLandscapeLeft UIInterfaceOrientationLandscapeRight UIInterfaceOrientationPortrait UIInterfaceOrientationPortraitUpsideDown";
				INFOPLIST_KEY_UISupportsDocumentBrowser = YES;
				IPHONEOS_DEPLOYMENT_TARGET = 17.0;
				LD_RUNPATH_SEARCH_PATHS = (
					"$(inherited)",
					"@executable_path/Frameworks",
				);
				MARKETING_VERSION = 2.1;
				PRODUCT_BUNDLE_IDENTIFIER = com.gabrieltang.Worked;
				PRODUCT_NAME = Worked;
				SUPPORTED_PLATFORMS = "iphoneos iphonesimulator";
				SUPPORTS_MACCATALYST = NO;
				SUPPORTS_MAC_DESIGNED_FOR_IPHONE_IPAD = NO;
				SUPPORTS_XR_DESIGNED_FOR_IPHONE_IPAD = NO;
				SWIFT_EMIT_LOC_STRINGS = YES;
				SWIFT_VERSION = 5.0;
				TARGETED_DEVICE_FAMILY = 1;
			};
			name = Release;
		};
/* End XCBuildConfiguration section */

/* Begin XCConfigurationList section */
		53FD23C52BDBE08500AB41E4 /* Build configuration list for PBXProject "WorkoutTracker" */ = {
			isa = XCConfigurationList;
			buildConfigurations = (
				53FD23D62BDBE09000AB41E4 /* Debug */,
				53FD23D72BDBE09000AB41E4 /* Release */,
			);
			defaultConfigurationIsVisible = 0;
			defaultConfigurationName = Release;
		};
		53FD23D82BDBE09000AB41E4 /* Build configuration list for PBXNativeTarget "Worked" */ = {
			isa = XCConfigurationList;
			buildConfigurations = (
				53FD23D92BDBE09000AB41E4 /* Debug */,
				53FD23DA2BDBE09000AB41E4 /* Release */,
			);
			defaultConfigurationIsVisible = 0;
			defaultConfigurationName = Release;
		};
/* End XCConfigurationList section */
	};
	rootObject = 53FD23C22BDBE08500AB41E4 /* Project object */;
}
